
Microsoft Visual Studio Solution File, Format Version 12.00
# Visual Studio Version 16
VisualStudioVersion = 16.0.30104.148
MinimumVisualStudioVersion = 10.0.40219.1
Project("{FAE04EC0-301F-11D3-BF4B-00C04F79EFBC}") = "WpfApp", "WpfApp\WpfApp.csproj", "{E3049BA1-5F82-4886-9484-B355FB44D2F1}"
EndProject
Project("{FAE04EC0-301F-11D3-BF4B-00C04F79EFBC}") = "Interface", "Interface\Interface.csproj", "{A47A2686-4AA5-4077-886B-3AD285A47784}"
EndProject
Project("{FAE04EC0-301F-11D3-BF4B-00C04F79EFBC}") = "LengthValidation", "LengthValidation\LengthValidation.csproj", "{5BE2E917-F154-4ACA-8D0E-DCC7AFA133C4}"
EndProject
Project("{FAE04EC0-301F-11D3-BF4B-00C04F79EFBC}") = "EmailValidation", "EmailValidation\EmailValidation.csproj", "{986E7441-B329-4B13-8406-0E7D37882909}"
EndProject
Project("{FAE04EC0-301F-11D3-BF4B-00C04F79EFBC}") = "PhoneValidation", "PhoneValidation\PhoneValidation.csproj", "{E5A49555-EFCE-4318-B8EC-E6318E83CCB3}"
EndProject
Global
	GlobalSection(SolutionConfigurationPlatforms) = preSolution
		Debug|Any CPU = Debug|Any CPU
		Release|Any CPU = Release|Any CPU
	EndGlobalSection
	GlobalSection(ProjectConfigurationPlatforms) = postSolution
		{E3049BA1-5F82-4886-9484-B355FB44D2F1}.Debug|Any CPU.ActiveCfg = Debug|Any CPU
		{E3049BA1-5F82-4886-9484-B355FB44D2F1}.Debug|Any CPU.Build.0 = Debug|Any CPU
		{E3049BA1-5F82-4886-9484-B355FB44D2F1}.Release|Any CPU.ActiveCfg = Release|Any CPU
		{E3049BA1-5F82-4886-9484-B355FB44D2F1}.Release|Any CPU.Build.0 = Release|Any CPU
		{A47A2686-4AA5-4077-886B-3AD285A47784}.Debug|Any CPU.ActiveCfg = Debug|Any CPU
		{A47A2686-4AA5-4077-886B-3AD285A47784}.Debug|Any CPU.Build.0 = Debug|Any CPU
		{A47A2686-4AA5-4077-886B-3AD285A47784}.Release|Any CPU.ActiveCfg = Release|Any CPU
		{A47A2686-4AA5-4077-886B-3AD285A47784}.Release|Any CPU.Build.0 = Release|Any CPU
		{5BE2E917-F154-4ACA-8D0E-DCC7AFA133C4}.Debug|Any CPU.ActiveCfg = Debug|Any CPU
		{5BE2E917-F154-4ACA-8D0E-DCC7AFA133C4}.Debug|Any CPU.Build.0 = Debug|Any CPU
		{5BE2E917-F154-4ACA-8D0E-DCC7AFA133C4}.Release|Any CPU.ActiveCfg = Release|Any CPU
		{5BE2E917-F154-4ACA-8D0E-DCC7AFA133C4}.Release|Any CPU.Build.0 = Release|Any CPU
		{986E7441-B329-4B13-8406-0E7D37882909}.Debug|Any CPU.ActiveCfg = Debug|Any CPU
		{986E7441-B329-4B13-8406-0E7D37882909}.Debug|Any CPU.Build.0 = Debug|Any CPU
		{986E7441-B329-4B13-8406-0E7D37882909}.Release|Any CPU.ActiveCfg = Release|Any CPU
		{986E7441-B329-4B13-8406-0E7D37882909}.Release|Any CPU.Build.0 = Release|Any CPU
		{E5A49555-EFCE-4318-B8EC-E6318E83CCB3}.Debug|Any CPU.ActiveCfg = Debug|Any CPU
		{E5A49555-EFCE-4318-B8EC-E6318E83CCB3}.Debug|Any CPU.Build.0 = Debug|Any CPU
		{E5A49555-EFCE-4318-B8EC-E6318E83CCB3}.Release|Any CPU.ActiveCfg = Release|Any CPU
		{E5A49555-EFCE-4318-B8EC-E6318E83CCB3}.Release|Any CPU.Build.0 = Release|Any CPU
	EndGlobalSection
	GlobalSection(SolutionProperties) = preSolution
		HideSolutionNode = FALSE
	EndGlobalSection
	GlobalSection(ExtensibilityGlobals) = postSolution
		SolutionGuid = {A89712E4-974C-476E-BD67-29493F01779B}
	EndGlobalSection
EndGlobal
